{
  "name": "casl-rule-intersection-issue",
  "version": "1.0.0",
  "lockfileVersion": 1,
  "requires": true,
  "dependencies": {
    "@casl/ability": {
      "version": "4.1.5",
      "resolved": "https://registry.npmjs.org/@casl/ability/-/ability-4.1.5.tgz",
      "integrity": "sha512-9nY2ear3CfCi0ckRZ4V6dRiy+f0wxj/aUPkelmGrZuEJusXfhROKahRHFGxXf5xLi3oA10SS/vbSLK4RAy7ttA==",
      "requires": {
        "sift": "^13.0.0"
      }
    },
    "sift": {
      "version": "13.2.0",
      "resolved": "https://registry.npmjs.org/sift/-/sift-13.2.0.tgz",
      "integrity": "sha512-tngIupMS8j5oxmd+dwAUMwX1NkHTkYTJFin9qf8hIZV1Euz5p4iclRDmoEIrEI6OsNdVswORbKOe9P6XZgco0A=="
    },
    "typescript": {
      "version": "3.9.7",
      "resolved": "https://registry.npmjs.org/typescript/-/typescript-3.9.7.tgz",
      "integrity": "sha512-BLbiRkiBzAwsjut4x/dsibSTB6yWpwT5qWmC2OfuCg3GgVQCSgMs4vEctYPhsaGtd0AeuuHMkjZ2h2WG8MSzRw==",
      "dev": true
    }
  }
}
